
Microsoft Visual Studio Solution File, Format Version 12.00
# Visual Studio Version 17
VisualStudioVersion = 17.6.33829.357
MinimumVisualStudioVersion = 10.0.40219.1
Project("{FAE04EC0-301F-11D3-BF4B-00C04F79EFBC}") = "IdentityControl", "IdentityControl\IdentityControl.csproj", "{24DCE150-5CD2-4C01-840E-FC7F02060CA8}"
EndProject
Project("{FAE04EC0-301F-11D3-BF4B-00C04F79EFBC}") = "DAL", "DAL\DAL.csproj", "{65D6B3F8-5B09-4502-A71D-ECE848A0C78A}"
EndProject
Project("{FAE04EC0-301F-11D3-BF4B-00C04F79EFBC}") = "Bussiness", "Bussiness\Bussiness.csproj", "{BCD201CD-ED1E-4AF4-86B4-85FEC62529F2}"
EndProject
Global
	GlobalSection(SolutionConfigurationPlatforms) = preSolution
		Debug|Any CPU = Debug|Any CPU
		Release|Any CPU = Release|Any CPU
	EndGlobalSection
	GlobalSection(ProjectConfigurationPlatforms) = postSolution
		{24DCE150-5CD2-4C01-840E-FC7F02060CA8}.Debug|Any CPU.ActiveCfg = Debug|Any CPU
		{24DCE150-5CD2-4C01-840E-FC7F02060CA8}.Debug|Any CPU.Build.0 = Debug|Any CPU
		{24DCE150-5CD2-4C01-840E-FC7F02060CA8}.Release|Any CPU.ActiveCfg = Release|Any CPU
		{24DCE150-5CD2-4C01-840E-FC7F02060CA8}.Release|Any CPU.Build.0 = Release|Any CPU
		{65D6B3F8-5B09-4502-A71D-ECE848A0C78A}.Debug|Any CPU.ActiveCfg = Debug|Any CPU
		{65D6B3F8-5B09-4502-A71D-ECE848A0C78A}.Debug|Any CPU.Build.0 = Debug|Any CPU
		{65D6B3F8-5B09-4502-A71D-ECE848A0C78A}.Release|Any CPU.ActiveCfg = Release|Any CPU
		{65D6B3F8-5B09-4502-A71D-ECE848A0C78A}.Release|Any CPU.Build.0 = Release|Any CPU
		{BCD201CD-ED1E-4AF4-86B4-85FEC62529F2}.Debug|Any CPU.ActiveCfg = Debug|Any CPU
		{BCD201CD-ED1E-4AF4-86B4-85FEC62529F2}.Debug|Any CPU.Build.0 = Debug|Any CPU
		{BCD201CD-ED1E-4AF4-86B4-85FEC62529F2}.Release|Any CPU.ActiveCfg = Release|Any CPU
		{BCD201CD-ED1E-4AF4-86B4-85FEC62529F2}.Release|Any CPU.Build.0 = Release|Any CPU
	EndGlobalSection
	GlobalSection(SolutionProperties) = preSolution
		HideSolutionNode = FALSE
	EndGlobalSection
	GlobalSection(ExtensibilityGlobals) = postSolution
		SolutionGuid = {8473ECE7-204B-43D4-8D5D-5E822AE4364E}
	EndGlobalSection
EndGlobal
